
Microsoft Visual Studio Solution File, Format Version 12.00
# Visual Studio 15
Project("{FAE04EC0-301F-11D3-BF4B-00C04F79EFBC}") = "Assembly-CSharp", "Assembly-CSharp.csproj", "{B3CFEAE2-A151-F062-345B-74FAF75CD370}"
EndProject
Project("{FAE04EC0-301F-11D3-BF4B-00C04F79EFBC}") = "Assembly-CSharp-Editor", "Assembly-CSharp-Editor.csproj", "{F18BEA28-963F-F497-32BB-95223D3C199A}"
EndProject
Global
	GlobalSection(SolutionConfigurationPlatforms) = preSolution
		Debug|Any CPU = Debug|Any CPU
		Release|Any CPU = Release|Any CPU
	EndGlobalSection
	GlobalSection(ProjectConfigurationPlatforms) = postSolution
		{B3CFEAE2-A151-F062-345B-74FAF75CD370}.Debug|Any CPU.ActiveCfg = Debug|Any CPU
		{B3CFEAE2-A151-F062-345B-74FAF75CD370}.Debug|Any CPU.Build.0 = Debug|Any CPU
		{B3CFEAE2-A151-F062-345B-74FAF75CD370}.Release|Any CPU.ActiveCfg = Release|Any CPU
		{B3CFEAE2-A151-F062-345B-74FAF75CD370}.Release|Any CPU.Build.0 = Release|Any CPU
		{F18BEA28-963F-F497-32BB-95223D3C199A}.Debug|Any CPU.ActiveCfg = Debug|Any CPU
		{F18BEA28-963F-F497-32BB-95223D3C199A}.Debug|Any CPU.Build.0 = Debug|Any CPU
		{F18BEA28-963F-F497-32BB-95223D3C199A}.Release|Any CPU.ActiveCfg = Release|Any CPU
		{F18BEA28-963F-F497-32BB-95223D3C199A}.Release|Any CPU.Build.0 = Release|Any CPU
	EndGlobalSection
	GlobalSection(SolutionProperties) = preSolution
		HideSolutionNode = FALSE
	EndGlobalSection
EndGlobal
